// !$*UTF8*$!
{
	archiveVersion = 1;
	classes = {
	};
	objectVersion = 50;
	objects = {

/* Begin PBXBuildFile section */
		8E10A8ED22622BA900ACBBC9 /* AppDelegate.swift in Sources */ = {isa = PBXBuildFile; fileRef = 8E10A8EC22622BA900ACBBC9 /* AppDelegate.swift */; };
		8E10A8EF22622BA900ACBBC9 /* LaunchController.swift in Sources */ = {isa = PBXBuildFile; fileRef = 8E10A8EE22622BA900ACBBC9 /* LaunchController.swift */; };
		8E10A8F422622BAA00ACBBC9 /* Assets.xcassets in Resources */ = {isa = PBXBuildFile; fileRef = 8E10A8F322622BAA00ACBBC9 /* Assets.xcassets */; };
		8E10A8F722622BAA00ACBBC9 /* LaunchScreen.storyboard in Resources */ = {isa = PBXBuildFile; fileRef = 8E10A8F522622BAA00ACBBC9 /* LaunchScreen.storyboard */; };
		8E10A90122622E5200ACBBC9 /* Launch.storyboard in Resources */ = {isa = PBXBuildFile; fileRef = 8E10A90022622E5200ACBBC9 /* Launch.storyboard */; };
		8E10A9032262312000ACBBC9 /* Spinner.swift in Sources */ = {isa = PBXBuildFile; fileRef = 8E10A9022262312000ACBBC9 /* Spinner.swift */; };
		8E10A90A2262330900ACBBC9 /* UIColorExtension.swift in Sources */ = {isa = PBXBuildFile; fileRef = 8E10A9092262330900ACBBC9 /* UIColorExtension.swift */; };
		8E10A90D226234A100ACBBC9 /* GradientColor.swift in Sources */ = {isa = PBXBuildFile; fileRef = 8E10A90C226234A100ACBBC9 /* GradientColor.swift */; };
		8E10A910226235D000ACBBC9 /* Colors.swift in Sources */ = {isa = PBXBuildFile; fileRef = 8E10A90F226235D000ACBBC9 /* Colors.swift */; };
		8E10A91222623C4500ACBBC9 /* CGSizeExtension.swift in Sources */ = {isa = PBXBuildFile; fileRef = 8E10A91122623C4500ACBBC9 /* CGSizeExtension.swift */; };
		8E10A91422623D6600ACBBC9 /* Numbers.swift in Sources */ = {isa = PBXBuildFile; fileRef = 8E10A91322623D6600ACBBC9 /* Numbers.swift */; };
		8E10A9162262720900ACBBC9 /* Application.swift in Sources */ = {isa = PBXBuildFile; fileRef = 8E10A9152262720900ACBBC9 /* Application.swift */; };
		8E1C7D6622706C73009DA413 /* AnimatableGradient.swift in Sources */ = {isa = PBXBuildFile; fileRef = 8E1C7D6522706C73009DA413 /* AnimatableGradient.swift */; };
		8E52B5DA22721EC800DEFEDE /* Course.swift in Sources */ = {isa = PBXBuildFile; fileRef = 8E52B5D922721EC800DEFEDE /* Course.swift */; };
		8E52B5DC22721ED100DEFEDE /* Menu.swift in Sources */ = {isa = PBXBuildFile; fileRef = 8E52B5DB22721ED100DEFEDE /* Menu.swift */; };
		8E52B5DE227223EF00DEFEDE /* JSONDecoderExtension.swift in Sources */ = {isa = PBXBuildFile; fileRef = 8E52B5DD227223EF00DEFEDE /* JSONDecoderExtension.swift */; };
		8E52B5E122722DE500DEFEDE /* TheInternet.swift in Sources */ = {isa = PBXBuildFile; fileRef = 8E52B5E022722DE500DEFEDE /* TheInternet.swift */; };
		8E52B5E3227257C700DEFEDE /* IntExtension.swift in Sources */ = {isa = PBXBuildFile; fileRef = 8E52B5E2227257C700DEFEDE /* IntExtension.swift */; };
		8E738B61226B809D008EF3D6 /* CircularList.swift in Sources */ = {isa = PBXBuildFile; fileRef = 8E738B60226B809D008EF3D6 /* CircularList.swift */; };
		8E738B63226B832B008EF3D6 /* ArrayExtension.swift in Sources */ = {isa = PBXBuildFile; fileRef = 8E738B62226B832B008EF3D6 /* ArrayExtension.swift */; };
		8E738B65226B8548008EF3D6 /* GradientPoint.swift in Sources */ = {isa = PBXBuildFile; fileRef = 8E738B64226B8548008EF3D6 /* GradientPoint.swift */; };
		8E95254A22630EAC0076E0B2 /* ListController.swift in Sources */ = {isa = PBXBuildFile; fileRef = 8E95254922630EAC0076E0B2 /* ListController.swift */; };
		8E95254C226314200076E0B2 /* ListCell.swift in Sources */ = {isa = PBXBuildFile; fileRef = 8E95254B226314200076E0B2 /* ListCell.swift */; };
		8E95254E226339190076E0B2 /* UIVIewExtension.swift in Sources */ = {isa = PBXBuildFile; fileRef = 8E95254D226339190076E0B2 /* UIVIewExtension.swift */; };
		8E95255022633A930076E0B2 /* UIEdgeInsetsExtension.swift in Sources */ = {isa = PBXBuildFile; fileRef = 8E95254F22633A930076E0B2 /* UIEdgeInsetsExtension.swift */; };
		8EEFCEC72270BA4E004105F3 /* CGPointExtension.swift in Sources */ = {isa = PBXBuildFile; fileRef = 8EEFCEC62270BA4E004105F3 /* CGPointExtension.swift */; };
		8EEFCECA2271C612004105F3 /* Fetcher.swift in Sources */ = {isa = PBXBuildFile; fileRef = 8EEFCEC92271C612004105F3 /* Fetcher.swift */; };
		8EEFCECC2271C61D004105F3 /* UIActivityIndicatable.swift in Sources */ = {isa = PBXBuildFile; fileRef = 8EEFCECB2271C61D004105F3 /* UIActivityIndicatable.swift */; };
		8EEFCECF2271C6FD004105F3 /* ListItemsProvider.swift in Sources */ = {isa = PBXBuildFile; fileRef = 8EEFCECE2271C6FD004105F3 /* ListItemsProvider.swift */; };
		8EEFCED12271C716004105F3 /* ListItemsDelegate.swift in Sources */ = {isa = PBXBuildFile; fileRef = 8EEFCED02271C716004105F3 /* ListItemsDelegate.swift */; };
		8EEFCED32271C722004105F3 /* ListItem.swift in Sources */ = {isa = PBXBuildFile; fileRef = 8EEFCED22271C722004105F3 /* ListItem.swift */; };
/* End PBXBuildFile section */

/* Begin PBXFileReference section */
		8E10A8E922622BA900ACBBC9 /* qlh-ios.app */ = {isa = PBXFileReference; explicitFileType = wrapper.application; includeInIndex = 0; path = "qlh-ios.app"; sourceTree = BUILT_PRODUCTS_DIR; };
		8E10A8EC22622BA900ACBBC9 /* AppDelegate.swift */ = {isa = PBXFileReference; lastKnownFileType = sourcecode.swift; path = AppDelegate.swift; sourceTree = "<group>"; };
		8E10A8EE22622BA900ACBBC9 /* LaunchController.swift */ = {isa = PBXFileReference; lastKnownFileType = sourcecode.swift; path = LaunchController.swift; sourceTree = "<group>"; };
		8E10A8F322622BAA00ACBBC9 /* Assets.xcassets */ = {isa = PBXFileReference; lastKnownFileType = folder.assetcatalog; path = Assets.xcassets; sourceTree = "<group>"; };
		8E10A8F622622BAA00ACBBC9 /* Base */ = {isa = PBXFileReference; lastKnownFileType = file.storyboard; name = Base; path = Base.lproj/LaunchScreen.storyboard; sourceTree = "<group>"; };
		8E10A8F822622BAA00ACBBC9 /* Info.plist */ = {isa = PBXFileReference; lastKnownFileType = text.plist.xml; path = Info.plist; sourceTree = "<group>"; };
		8E10A90022622E5200ACBBC9 /* Launch.storyboard */ = {isa = PBXFileReference; lastKnownFileType = file.storyboard; path = Launch.storyboard; sourceTree = "<group>"; };
		8E10A9022262312000ACBBC9 /* Spinner.swift */ = {isa = PBXFileReference; lastKnownFileType = sourcecode.swift; path = Spinner.swift; sourceTree = "<group>"; };
		8E10A9092262330900ACBBC9 /* UIColorExtension.swift */ = {isa = PBXFileReference; lastKnownFileType = sourcecode.swift; path = UIColorExtension.swift; sourceTree = "<group>"; };
		8E10A90C226234A100ACBBC9 /* GradientColor.swift */ = {isa = PBXFileReference; lastKnownFileType = sourcecode.swift; path = GradientColor.swift; sourceTree = "<group>"; };
		8E10A90F226235D000ACBBC9 /* Colors.swift */ = {isa = PBXFileReference; lastKnownFileType = sourcecode.swift; path = Colors.swift; sourceTree = "<group>"; };
		8E10A91122623C4500ACBBC9 /* CGSizeExtension.swift */ = {isa = PBXFileReference; lastKnownFileType = sourcecode.swift; path = CGSizeExtension.swift; sourceTree = "<group>"; };
		8E10A91322623D6600ACBBC9 /* Numbers.swift */ = {isa = PBXFileReference; lastKnownFileType = sourcecode.swift; path = Numbers.swift; sourceTree = "<group>"; };
		8E10A9152262720900ACBBC9 /* Application.swift */ = {isa = PBXFileReference; lastKnownFileType = sourcecode.swift; path = Application.swift; sourceTree = "<group>"; };
		8E1C7D6522706C73009DA413 /* AnimatableGradient.swift */ = {isa = PBXFileReference; lastKnownFileType = sourcecode.swift; path = AnimatableGradient.swift; sourceTree = "<group>"; };
		8E52B5D922721EC800DEFEDE /* Course.swift */ = {isa = PBXFileReference; lastKnownFileType = sourcecode.swift; path = Course.swift; sourceTree = "<group>"; };
		8E52B5DB22721ED100DEFEDE /* Menu.swift */ = {isa = PBXFileReference; lastKnownFileType = sourcecode.swift; path = Menu.swift; sourceTree = "<group>"; };
		8E52B5DD227223EF00DEFEDE /* JSONDecoderExtension.swift */ = {isa = PBXFileReference; lastKnownFileType = sourcecode.swift; path = JSONDecoderExtension.swift; sourceTree = "<group>"; };
		8E52B5E022722DE500DEFEDE /* TheInternet.swift */ = {isa = PBXFileReference; lastKnownFileType = sourcecode.swift; path = TheInternet.swift; sourceTree = "<group>"; };
		8E52B5E2227257C700DEFEDE /* IntExtension.swift */ = {isa = PBXFileReference; lastKnownFileType = sourcecode.swift; path = IntExtension.swift; sourceTree = "<group>"; };
		8E738B60226B809D008EF3D6 /* CircularList.swift */ = {isa = PBXFileReference; lastKnownFileType = sourcecode.swift; path = CircularList.swift; sourceTree = "<group>"; };
		8E738B62226B832B008EF3D6 /* ArrayExtension.swift */ = {isa = PBXFileReference; lastKnownFileType = sourcecode.swift; path = ArrayExtension.swift; sourceTree = "<group>"; };
		8E738B64226B8548008EF3D6 /* GradientPoint.swift */ = {isa = PBXFileReference; lastKnownFileType = sourcecode.swift; path = GradientPoint.swift; sourceTree = "<group>"; };
		8E95254922630EAC0076E0B2 /* ListController.swift */ = {isa = PBXFileReference; lastKnownFileType = sourcecode.swift; path = ListController.swift; sourceTree = "<group>"; };
		8E95254B226314200076E0B2 /* ListCell.swift */ = {isa = PBXFileReference; lastKnownFileType = sourcecode.swift; path = ListCell.swift; sourceTree = "<group>"; };
		8E95254D226339190076E0B2 /* UIVIewExtension.swift */ = {isa = PBXFileReference; lastKnownFileType = sourcecode.swift; path = UIVIewExtension.swift; sourceTree = "<group>"; };
		8E95254F22633A930076E0B2 /* UIEdgeInsetsExtension.swift */ = {isa = PBXFileReference; lastKnownFileType = sourcecode.swift; path = UIEdgeInsetsExtension.swift; sourceTree = "<group>"; };
		8EEFCEC62270BA4E004105F3 /* CGPointExtension.swift */ = {isa = PBXFileReference; lastKnownFileType = sourcecode.swift; path = CGPointExtension.swift; sourceTree = "<group>"; };
		8EEFCEC92271C612004105F3 /* Fetcher.swift */ = {isa = PBXFileReference; lastKnownFileType = sourcecode.swift; path = Fetcher.swift; sourceTree = "<group>"; };
		8EEFCECB2271C61D004105F3 /* UIActivityIndicatable.swift */ = {isa = PBXFileReference; lastKnownFileType = sourcecode.swift; path = UIActivityIndicatable.swift; sourceTree = "<group>"; };
		8EEFCECE2271C6FD004105F3 /* ListItemsProvider.swift */ = {isa = PBXFileReference; lastKnownFileType = sourcecode.swift; path = ListItemsProvider.swift; sourceTree = "<group>"; };
		8EEFCED02271C716004105F3 /* ListItemsDelegate.swift */ = {isa = PBXFileReference; lastKnownFileType = sourcecode.swift; path = ListItemsDelegate.swift; sourceTree = "<group>"; };
		8EEFCED22271C722004105F3 /* ListItem.swift */ = {isa = PBXFileReference; lastKnownFileType = sourcecode.swift; path = ListItem.swift; sourceTree = "<group>"; };
/* End PBXFileReference section */

/* Begin PBXFrameworksBuildPhase section */
		8E10A8E622622BA900ACBBC9 /* Frameworks */ = {
			isa = PBXFrameworksBuildPhase;
			buildActionMask = 2147483647;
			files = (
			);
			runOnlyForDeploymentPostprocessing = 0;
		};
/* End PBXFrameworksBuildPhase section */

/* Begin PBXGroup section */
		8E10A8E022622BA900ACBBC9 = {
			isa = PBXGroup;
			children = (
				8E10A8EB22622BA900ACBBC9 /* qlh-ios */,
				8E10A8EA22622BA900ACBBC9 /* Products */,
			);
			sourceTree = "<group>";
		};
		8E10A8EA22622BA900ACBBC9 /* Products */ = {
			isa = PBXGroup;
			children = (
				8E10A8E922622BA900ACBBC9 /* qlh-ios.app */,
			);
			name = Products;
			sourceTree = "<group>";
		};
		8E10A8EB22622BA900ACBBC9 /* qlh-ios */ = {
			isa = PBXGroup;
			children = (
				8E10A9072262316600ACBBC9 /* Assets */,
				8E10A90B2262349100ACBBC9 /* Model */,
				8E10A9052262313B00ACBBC9 /* View */,
				8E10A9062262313D00ACBBC9 /* Controller */,
				8EEFCECD2271C6DA004105F3 /* Provider */,
				8E52B5DF22722DD500DEFEDE /* Manager */,
				8E10A90E226235BE00ACBBC9 /* Constants */,
				8EEFCEC82271C5F7004105F3 /* Protocols */,
				8E10A908226232ED00ACBBC9 /* Extension */,
				8E10A9042262313700ACBBC9 /* Supporting Files */,
			);
			path = "qlh-ios";
			sourceTree = "<group>";
		};
		8E10A9042262313700ACBBC9 /* Supporting Files */ = {
			isa = PBXGroup;
			children = (
				8E10A8F822622BAA00ACBBC9 /* Info.plist */,
			);
			path = "Supporting Files";
			sourceTree = "<group>";
		};
		8E10A9052262313B00ACBBC9 /* View */ = {
			isa = PBXGroup;
			children = (
				8E10A8F522622BAA00ACBBC9 /* LaunchScreen.storyboard */,
				8E10A90022622E5200ACBBC9 /* Launch.storyboard */,
				8E1C7D6522706C73009DA413 /* AnimatableGradient.swift */,
				8E95254B226314200076E0B2 /* ListCell.swift */,
			);
			path = View;
			sourceTree = "<group>";
		};
		8E10A9062262313D00ACBBC9 /* Controller */ = {
			isa = PBXGroup;
			children = (
				8E10A8EC22622BA900ACBBC9 /* AppDelegate.swift */,
				8E10A9152262720900ACBBC9 /* Application.swift */,
				8E10A9022262312000ACBBC9 /* Spinner.swift */,
				8E10A8EE22622BA900ACBBC9 /* LaunchController.swift */,
				8E95254922630EAC0076E0B2 /* ListController.swift */,
			);
			path = Controller;
			sourceTree = "<group>";
		};
		8E10A9072262316600ACBBC9 /* Assets */ = {
			isa = PBXGroup;
			children = (
				8E10A8F322622BAA00ACBBC9 /* Assets.xcassets */,
			);
			path = Assets;
			sourceTree = "<group>";
		};
		8E10A908226232ED00ACBBC9 /* Extension */ = {
			isa = PBXGroup;
			children = (
				8E738B62226B832B008EF3D6 /* ArrayExtension.swift */,
				8E52B5DD227223EF00DEFEDE /* JSONDecoderExtension.swift */,
				8E52B5E2227257C700DEFEDE /* IntExtension.swift */,
				8EEFCEC62270BA4E004105F3 /* CGPointExtension.swift */,
				8E10A91122623C4500ACBBC9 /* CGSizeExtension.swift */,
				8E10A9092262330900ACBBC9 /* UIColorExtension.swift */,
				8E95254F22633A930076E0B2 /* UIEdgeInsetsExtension.swift */,
				8E95254D226339190076E0B2 /* UIVIewExtension.swift */,
			);
			path = Extension;
			sourceTree = "<group>";
		};
		8E10A90B2262349100ACBBC9 /* Model */ = {
			isa = PBXGroup;
			children = (
				8E738B60226B809D008EF3D6 /* CircularList.swift */,
				8E10A90C226234A100ACBBC9 /* GradientColor.swift */,
				8E738B64226B8548008EF3D6 /* GradientPoint.swift */,
				8EEFCED22271C722004105F3 /* ListItem.swift */,
				8E52B5D922721EC800DEFEDE /* Course.swift */,
				8E52B5DB22721ED100DEFEDE /* Menu.swift */,
			);
			path = Model;
			sourceTree = "<group>";
		};
		8E10A90E226235BE00ACBBC9 /* Constants */ = {
			isa = PBXGroup;
			children = (
				8E10A90F226235D000ACBBC9 /* Colors.swift */,
				8E10A91322623D6600ACBBC9 /* Numbers.swift */,
			);
			path = Constants;
			sourceTree = "<group>";
		};
		8E52B5DF22722DD500DEFEDE /* Manager */ = {
			isa = PBXGroup;
			children = (
				8E52B5E022722DE500DEFEDE /* TheInternet.swift */,
			);
			path = Manager;
			sourceTree = "<group>";
		};
		8EEFCEC82271C5F7004105F3 /* Protocols */ = {
			isa = PBXGroup;
			children = (
				8EEFCEC92271C612004105F3 /* Fetcher.swift */,
				8EEFCECB2271C61D004105F3 /* UIActivityIndicatable.swift */,
			);
			path = Protocols;
			sourceTree = "<group>";
		};
		8EEFCECD2271C6DA004105F3 /* Provider */ = {
			isa = PBXGroup;
			children = (
				8EEFCECE2271C6FD004105F3 /* ListItemsProvider.swift */,
				8EEFCED02271C716004105F3 /* ListItemsDelegate.swift */,
			);
			path = Provider;
			sourceTree = "<group>";
		};
/* End PBXGroup section */

/* Begin PBXNativeTarget section */
		8E10A8E822622BA900ACBBC9 /* qlh-ios */ = {
			isa = PBXNativeTarget;
			buildConfigurationList = 8E10A8FB22622BAA00ACBBC9 /* Build configuration list for PBXNativeTarget "qlh-ios" */;
			buildPhases = (
				8E10A8E522622BA900ACBBC9 /* Sources */,
				8E10A8E622622BA900ACBBC9 /* Frameworks */,
				8E10A8E722622BA900ACBBC9 /* Resources */,
			);
			buildRules = (
			);
			dependencies = (
			);
			name = "qlh-ios";
			productName = "qlh-ios";
			productReference = 8E10A8E922622BA900ACBBC9 /* qlh-ios.app */;
			productType = "com.apple.product-type.application";
		};
/* End PBXNativeTarget section */

/* Begin PBXProject section */
		8E10A8E122622BA900ACBBC9 /* Project object */ = {
			isa = PBXProject;
			attributes = {
				LastSwiftUpdateCheck = 1020;
				LastUpgradeCheck = 1020;
				ORGANIZATIONNAME = "Daniel Avram";
				TargetAttributes = {
					8E10A8E822622BA900ACBBC9 = {
						CreatedOnToolsVersion = 10.2;
					};
				};
			};
			buildConfigurationList = 8E10A8E422622BA900ACBBC9 /* Build configuration list for PBXProject "qlh-ios" */;
			compatibilityVersion = "Xcode 9.3";
			developmentRegion = en;
			hasScannedForEncodings = 0;
			knownRegions = (
				en,
				Base,
			);
			mainGroup = 8E10A8E022622BA900ACBBC9;
			productRefGroup = 8E10A8EA22622BA900ACBBC9 /* Products */;
			projectDirPath = "";
			projectRoot = "";
			targets = (
				8E10A8E822622BA900ACBBC9 /* qlh-ios */,
			);
		};
/* End PBXProject section */

/* Begin PBXResourcesBuildPhase section */
		8E10A8E722622BA900ACBBC9 /* Resources */ = {
			isa = PBXResourcesBuildPhase;
			buildActionMask = 2147483647;
			files = (
				8E10A8F722622BAA00ACBBC9 /* LaunchScreen.storyboard in Resources */,
				8E10A8F422622BAA00ACBBC9 /* Assets.xcassets in Resources */,
				8E10A90122622E5200ACBBC9 /* Launch.storyboard in Resources */,
			);
			runOnlyForDeploymentPostprocessing = 0;
		};
/* End PBXResourcesBuildPhase section */

/* Begin PBXSourcesBuildPhase section */
		8E10A8E522622BA900ACBBC9 /* Sources */ = {
			isa = PBXSourcesBuildPhase;
			buildActionMask = 2147483647;
			files = (
				8E52B5DA22721EC800DEFEDE /* Course.swift in Sources */,
				8E738B63226B832B008EF3D6 /* ArrayExtension.swift in Sources */,
				8EEFCED32271C722004105F3 /* ListItem.swift in Sources */,
				8EEFCED12271C716004105F3 /* ListItemsDelegate.swift in Sources */,
				8E10A9162262720900ACBBC9 /* Application.swift in Sources */,
				8E52B5E122722DE500DEFEDE /* TheInternet.swift in Sources */,
				8E95254A22630EAC0076E0B2 /* ListController.swift in Sources */,
				8E10A8EF22622BA900ACBBC9 /* LaunchController.swift in Sources */,
				8E10A910226235D000ACBBC9 /* Colors.swift in Sources */,
				8E52B5E3227257C700DEFEDE /* IntExtension.swift in Sources */,
				8EEFCECC2271C61D004105F3 /* UIActivityIndicatable.swift in Sources */,
				8E10A91222623C4500ACBBC9 /* CGSizeExtension.swift in Sources */,
				8E738B65226B8548008EF3D6 /* GradientPoint.swift in Sources */,
				8E10A9032262312000ACBBC9 /* Spinner.swift in Sources */,
				8EEFCECA2271C612004105F3 /* Fetcher.swift in Sources */,
				8EEFCEC72270BA4E004105F3 /* CGPointExtension.swift in Sources */,
				8E52B5DC22721ED100DEFEDE /* Menu.swift in Sources */,
				8E738B61226B809D008EF3D6 /* CircularList.swift in Sources */,
				8E52B5DE227223EF00DEFEDE /* JSONDecoderExtension.swift in Sources */,
				8E95254E226339190076E0B2 /* UIVIewExtension.swift in Sources */,
				8EEFCECF2271C6FD004105F3 /* ListItemsProvider.swift in Sources */,
				8E95255022633A930076E0B2 /* UIEdgeInsetsExtension.swift in Sources */,
				8E95254C226314200076E0B2 /* ListCell.swift in Sources */,
				8E10A91422623D6600ACBBC9 /* Numbers.swift in Sources */,
				8E10A8ED22622BA900ACBBC9 /* AppDelegate.swift in Sources */,
				8E1C7D6622706C73009DA413 /* AnimatableGradient.swift in Sources */,
				8E10A90A2262330900ACBBC9 /* UIColorExtension.swift in Sources */,
				8E10A90D226234A100ACBBC9 /* GradientColor.swift in Sources */,
			);
			runOnlyForDeploymentPostprocessing = 0;
		};
/* End PBXSourcesBuildPhase section */

/* Begin PBXVariantGroup section */
		8E10A8F522622BAA00ACBBC9 /* LaunchScreen.storyboard */ = {
			isa = PBXVariantGroup;
			children = (
				8E10A8F622622BAA00ACBBC9 /* Base */,
			);
			name = LaunchScreen.storyboard;
			sourceTree = "<group>";
		};
/* End PBXVariantGroup section */

/* Begin XCBuildConfiguration section */
		8E10A8F922622BAA00ACBBC9 /* Debug */ = {
			isa = XCBuildConfiguration;
			buildSettings = {
				ALWAYS_SEARCH_USER_PATHS = NO;
				CLANG_ANALYZER_NONNULL = YES;
				CLANG_ANALYZER_NUMBER_OBJECT_CONVERSION = YES_AGGRESSIVE;
				CLANG_CXX_LANGUAGE_STANDARD = "gnu++14";
				CLANG_CXX_LIBRARY = "libc++";
				CLANG_ENABLE_MODULES = YES;
				CLANG_ENABLE_OBJC_ARC = YES;
				CLANG_ENABLE_OBJC_WEAK = YES;
				CLANG_WARN_BLOCK_CAPTURE_AUTORELEASING = YES;
				CLANG_WARN_BOOL_CONVERSION = YES;
				CLANG_WARN_COMMA = YES;
				CLANG_WARN_CONSTANT_CONVERSION = YES;
				CLANG_WARN_DEPRECATED_OBJC_IMPLEMENTATIONS = YES;
				CLANG_WARN_DIRECT_OBJC_ISA_USAGE = YES_ERROR;
				CLANG_WARN_DOCUMENTATION_COMMENTS = YES;
				CLANG_WARN_EMPTY_BODY = YES;
				CLANG_WARN_ENUM_CONVERSION = YES;
				CLANG_WARN_INFINITE_RECURSION = YES;
				CLANG_WARN_INT_CONVERSION = YES;
				CLANG_WARN_NON_LITERAL_NULL_CONVERSION = YES;
				CLANG_WARN_OBJC_IMPLICIT_RETAIN_SELF = YES;
				CLANG_WARN_OBJC_LITERAL_CONVERSION = YES;
				CLANG_WARN_OBJC_ROOT_CLASS = YES_ERROR;
				CLANG_WARN_RANGE_LOOP_ANALYSIS = YES;
				CLANG_WARN_STRICT_PROTOTYPES = YES;
				CLANG_WARN_SUSPICIOUS_MOVE = YES;
				CLANG_WARN_UNGUARDED_AVAILABILITY = YES_AGGRESSIVE;
				CLANG_WARN_UNREACHABLE_CODE = YES;
				CLANG_WARN__DUPLICATE_METHOD_MATCH = YES;
				CODE_SIGN_IDENTITY = "iPhone Developer";
				COPY_PHASE_STRIP = NO;
				DEBUG_INFORMATION_FORMAT = dwarf;
				ENABLE_STRICT_OBJC_MSGSEND = YES;
				ENABLE_TESTABILITY = YES;
				GCC_C_LANGUAGE_STANDARD = gnu11;
				GCC_DYNAMIC_NO_PIC = NO;
				GCC_NO_COMMON_BLOCKS = YES;
				GCC_OPTIMIZATION_LEVEL = 0;
				GCC_PREPROCESSOR_DEFINITIONS = (
					"DEBUG=1",
					"$(inherited)",
				);
				GCC_WARN_64_TO_32_BIT_CONVERSION = YES;
				GCC_WARN_ABOUT_RETURN_TYPE = YES_ERROR;
				GCC_WARN_UNDECLARED_SELECTOR = YES;
				GCC_WARN_UNINITIALIZED_AUTOS = YES_AGGRESSIVE;
				GCC_WARN_UNUSED_FUNCTION = YES;
				GCC_WARN_UNUSED_VARIABLE = YES;
				IPHONEOS_DEPLOYMENT_TARGET = 12.2;
				MTL_ENABLE_DEBUG_INFO = INCLUDE_SOURCE;
				MTL_FAST_MATH = YES;
				ONLY_ACTIVE_ARCH = YES;
				SDKROOT = iphoneos;
				SWIFT_ACTIVE_COMPILATION_CONDITIONS = DEBUG;
				SWIFT_OPTIMIZATION_LEVEL = "-Onone";
			};
			name = Debug;
		};
		8E10A8FA22622BAA00ACBBC9 /* Release */ = {
			isa = XCBuildConfiguration;
			buildSettings = {
				ALWAYS_SEARCH_USER_PATHS = NO;
				CLANG_ANALYZER_NONNULL = YES;
				CLANG_ANALYZER_NUMBER_OBJECT_CONVERSION = YES_AGGRESSIVE;
				CLANG_CXX_LANGUAGE_STANDARD = "gnu++14";
				CLANG_CXX_LIBRARY = "libc++";
				CLANG_ENABLE_MODULES = YES;
				CLANG_ENABLE_OBJC_ARC = YES;
				CLANG_ENABLE_OBJC_WEAK = YES;
				CLANG_WARN_BLOCK_CAPTURE_AUTORELEASING = YES;
				CLANG_WARN_BOOL_CONVERSION = YES;
				CLANG_WARN_COMMA = YES;
				CLANG_WARN_CONSTANT_CONVERSION = YES;
				CLANG_WARN_DEPRECATED_OBJC_IMPLEMENTATIONS = YES;
				CLANG_WARN_DIRECT_OBJC_ISA_USAGE = YES_ERROR;
				CLANG_WARN_DOCUMENTATION_COMMENTS = YES;
				CLANG_WARN_EMPTY_BODY = YES;
				CLANG_WARN_ENUM_CONVERSION = YES;
				CLANG_WARN_INFINITE_RECURSION = YES;
				CLANG_WARN_INT_CONVERSION = YES;
				CLANG_WARN_NON_LITERAL_NULL_CONVERSION = YES;
				CLANG_WARN_OBJC_IMPLICIT_RETAIN_SELF = YES;
				CLANG_WARN_OBJC_LITERAL_CONVERSION = YES;
				CLANG_WARN_OBJC_ROOT_CLASS = YES_ERROR;
				CLANG_WARN_RANGE_LOOP_ANALYSIS = YES;
				CLANG_WARN_STRICT_PROTOTYPES = YES;
				CLANG_WARN_SUSPICIOUS_MOVE = YES;
				CLANG_WARN_UNGUARDED_AVAILABILITY = YES_AGGRESSIVE;
				CLANG_WARN_UNREACHABLE_CODE = YES;
				CLANG_WARN__DUPLICATE_METHOD_MATCH = YES;
				CODE_SIGN_IDENTITY = "iPhone Developer";
				COPY_PHASE_STRIP = NO;
				DEBUG_INFORMATION_FORMAT = "dwarf-with-dsym";
				ENABLE_NS_ASSERTIONS = NO;
				ENABLE_STRICT_OBJC_MSGSEND = YES;
				GCC_C_LANGUAGE_STANDARD = gnu11;
				GCC_NO_COMMON_BLOCKS = YES;
				GCC_WARN_64_TO_32_BIT_CONVERSION = YES;
				GCC_WARN_ABOUT_RETURN_TYPE = YES_ERROR;
				GCC_WARN_UNDECLARED_SELECTOR = YES;
				GCC_WARN_UNINITIALIZED_AUTOS = YES_AGGRESSIVE;
				GCC_WARN_UNUSED_FUNCTION = YES;
				GCC_WARN_UNUSED_VARIABLE = YES;
				IPHONEOS_DEPLOYMENT_TARGET = 12.2;
				MTL_ENABLE_DEBUG_INFO = NO;
				MTL_FAST_MATH = YES;
				SDKROOT = iphoneos;
				SWIFT_COMPILATION_MODE = wholemodule;
				SWIFT_OPTIMIZATION_LEVEL = "-O";
				VALIDATE_PRODUCT = YES;
			};
			name = Release;
		};
		8E10A8FC22622BAA00ACBBC9 /* Debug */ = {
			isa = XCBuildConfiguration;
			buildSettings = {
				ASSETCATALOG_COMPILER_APPICON_NAME = AppIcon;
				CODE_SIGN_STYLE = Automatic;
				INFOPLIST_FILE = "qlh-ios/Supporting Files/Info.plist";
				LD_RUNPATH_SEARCH_PATHS = (
					"$(inherited)",
					"@executable_path/Frameworks",
				);
				PRODUCT_BUNDLE_IDENTIFIER = "home.qlh-ios";
				PRODUCT_NAME = "$(TARGET_NAME)";
				SWIFT_VERSION = 5.0;
				TARGETED_DEVICE_FAMILY = "1,2";
			};
			name = Debug;
		};
		8E10A8FD22622BAA00ACBBC9 /* Release */ = {
			isa = XCBuildConfiguration;
			buildSettings = {
				ASSETCATALOG_COMPILER_APPICON_NAME = AppIcon;
				CODE_SIGN_STYLE = Automatic;
				INFOPLIST_FILE = "qlh-ios/Supporting Files/Info.plist";
				LD_RUNPATH_SEARCH_PATHS = (
					"$(inherited)",
					"@executable_path/Frameworks",
				);
				PRODUCT_BUNDLE_IDENTIFIER = "home.qlh-ios";
				PRODUCT_NAME = "$(TARGET_NAME)";
				SWIFT_VERSION = 5.0;
				TARGETED_DEVICE_FAMILY = "1,2";
			};
			name = Release;
		};
/* End XCBuildConfiguration section */

/* Begin XCConfigurationList section */
		8E10A8E422622BA900ACBBC9 /* Build configuration list for PBXProject "qlh-ios" */ = {
			isa = XCConfigurationList;
			buildConfigurations = (
				8E10A8F922622BAA00ACBBC9 /* Debug */,
				8E10A8FA22622BAA00ACBBC9 /* Release */,
			);
			defaultConfigurationIsVisible = 0;
			defaultConfigurationName = Release;
		};
		8E10A8FB22622BAA00ACBBC9 /* Build configuration list for PBXNativeTarget "qlh-ios" */ = {
			isa = XCConfigurationList;
			buildConfigurations = (
				8E10A8FC22622BAA00ACBBC9 /* Debug */,
				8E10A8FD22622BAA00ACBBC9 /* Release */,
			);
			defaultConfigurationIsVisible = 0;
			defaultConfigurationName = Release;
		};
/* End XCConfigurationList section */
	};
	rootObject = 8E10A8E122622BA900ACBBC9 /* Project object */;
}
